
Microsoft Visual Studio Solution File, Format Version 12.00
# Visual Studio Version 16
VisualStudioVersion = 16.0.31702.278
MinimumVisualStudioVersion = 10.0.40219.1
Project("{FAE04EC0-301F-11D3-BF4B-00C04F79EFBC}") = "File_Move", "File_Move\File_Move.csproj", "{2DD4C74F-5B12-42FC-8DA6-836900827E70}"
EndProject
Global
	GlobalSection(SolutionConfigurationPlatforms) = preSolution
		Debug|Any CPU = Debug|Any CPU
		Release|Any CPU = Release|Any CPU
	EndGlobalSection
	GlobalSection(ProjectConfigurationPlatforms) = postSolution
		{2DD4C74F-5B12-42FC-8DA6-836900827E70}.Debug|Any CPU.ActiveCfg = Debug|Any CPU
		{2DD4C74F-5B12-42FC-8DA6-836900827E70}.Debug|Any CPU.Build.0 = Debug|Any CPU
		{2DD4C74F-5B12-42FC-8DA6-836900827E70}.Release|Any CPU.ActiveCfg = Release|Any CPU
		{2DD4C74F-5B12-42FC-8DA6-836900827E70}.Release|Any CPU.Build.0 = Release|Any CPU
	EndGlobalSection
	GlobalSection(SolutionProperties) = preSolution
		HideSolutionNode = FALSE
	EndGlobalSection
	GlobalSection(ExtensibilityGlobals) = postSolution
		SolutionGuid = {F06BDFE0-6CBC-42E2-BCD8-546D93B6201C}
	EndGlobalSection
EndGlobal
